
Microsoft Visual Studio Solution File, Format Version 12.00
# Visual Studio 15
VisualStudioVersion = 15.0.26430.6
MinimumVisualStudioVersion = 10.0.40219.1
Project("{FAE04EC0-301F-11D3-BF4B-00C04F79EFBC}") = "T2IN1_REBORN_AIO", "T2IN1_REBORN_AIO\T2IN1_REBORN_AIO.csproj", "{625B3240-12CC-406F-A2C7-22EEE5634055}"
EndProject
Global
	GlobalSection(SolutionConfigurationPlatforms) = preSolution
		Debug|Any CPU = Debug|Any CPU
		Release|Any CPU = Release|Any CPU
	EndGlobalSection
	GlobalSection(ProjectConfigurationPlatforms) = postSolution
		{625B3240-12CC-406F-A2C7-22EEE5634055}.Debug|Any CPU.ActiveCfg = Debug|Any CPU
		{625B3240-12CC-406F-A2C7-22EEE5634055}.Debug|Any CPU.Build.0 = Debug|Any CPU
		{625B3240-12CC-406F-A2C7-22EEE5634055}.Release|Any CPU.ActiveCfg = Release|Any CPU
		{625B3240-12CC-406F-A2C7-22EEE5634055}.Release|Any CPU.Build.0 = Release|Any CPU
	EndGlobalSection
	GlobalSection(SolutionProperties) = preSolution
		HideSolutionNode = FALSE
	EndGlobalSection
EndGlobal
